
Microsoft Visual Studio Solution File, Format Version 12.00
# Visual Studio Version 16
VisualStudioVersion = 16.0.29215.179
MinimumVisualStudioVersion = 10.0.40219.1
Project("{FAE04EC0-301F-11D3-BF4B-00C04F79EFBC}") = "rScout2019.5", "rScout2019.5.csproj", "{4BA0ED7B-3A83-44D3-ACA6-BEB63B0D2679}"
EndProject
Global
	GlobalSection(SolutionConfigurationPlatforms) = preSolution
		Debug|Any CPU = Debug|Any CPU
		Release|Any CPU = Release|Any CPU
	EndGlobalSection
	GlobalSection(ProjectConfigurationPlatforms) = postSolution
		{4BA0ED7B-3A83-44D3-ACA6-BEB63B0D2679}.Debug|Any CPU.ActiveCfg = Debug|Any CPU
		{4BA0ED7B-3A83-44D3-ACA6-BEB63B0D2679}.Debug|Any CPU.Build.0 = Debug|Any CPU
		{4BA0ED7B-3A83-44D3-ACA6-BEB63B0D2679}.Release|Any CPU.ActiveCfg = Release|Any CPU
		{4BA0ED7B-3A83-44D3-ACA6-BEB63B0D2679}.Release|Any CPU.Build.0 = Release|Any CPU
	EndGlobalSection
	GlobalSection(SolutionProperties) = preSolution
		HideSolutionNode = FALSE
	EndGlobalSection
	GlobalSection(ExtensibilityGlobals) = postSolution
		SolutionGuid = {54C51ACE-EA0A-4D46-819C-56B21E935D91}
	EndGlobalSection
EndGlobal
